
Microsoft Visual Studio Solution File, Format Version 12.00
# Visual Studio 14
VisualStudioVersion = 14.0.25420.1
MinimumVisualStudioVersion = 10.0.40219.1
Project("{8BB2217D-0F2D-49D1-97BC-3654ED321F3B}") = "Flep.Test", "test\Flep.Test\Flep.Test.xproj", "{9B5903C2-09CD-42D3-8514-D2918DA01E16}"
EndProject
Project("{8BB2217D-0F2D-49D1-97BC-3654ED321F3B}") = "Flep", "src\Flep\Flep.xproj", "{9A920D0F-8238-4BFB-B6F6-5322BD06C8F1}"
EndProject
Global
	GlobalSection(SolutionConfigurationPlatforms) = preSolution
		Debug|Any CPU = Debug|Any CPU
		Release|Any CPU = Release|Any CPU
	EndGlobalSection
	GlobalSection(ProjectConfigurationPlatforms) = postSolution
		{9B5903C2-09CD-42D3-8514-D2918DA01E16}.Debug|Any CPU.ActiveCfg = Debug|Any CPU
		{9B5903C2-09CD-42D3-8514-D2918DA01E16}.Debug|Any CPU.Build.0 = Debug|Any CPU
		{9B5903C2-09CD-42D3-8514-D2918DA01E16}.Release|Any CPU.ActiveCfg = Release|Any CPU
		{9B5903C2-09CD-42D3-8514-D2918DA01E16}.Release|Any CPU.Build.0 = Release|Any CPU
		{9A920D0F-8238-4BFB-B6F6-5322BD06C8F1}.Debug|Any CPU.ActiveCfg = Debug|Any CPU
		{9A920D0F-8238-4BFB-B6F6-5322BD06C8F1}.Debug|Any CPU.Build.0 = Debug|Any CPU
		{9A920D0F-8238-4BFB-B6F6-5322BD06C8F1}.Release|Any CPU.ActiveCfg = Release|Any CPU
		{9A920D0F-8238-4BFB-B6F6-5322BD06C8F1}.Release|Any CPU.Build.0 = Release|Any CPU
	EndGlobalSection
	GlobalSection(SolutionProperties) = preSolution
		HideSolutionNode = FALSE
	EndGlobalSection
EndGlobal
